// !$*UTF8*$!
{
	archiveVersion = 1;
	classes = {
	};
	objectVersion = 55;
	objects = {

/* Begin PBXBuildFile section */
		8D50F3AC273CBF1D00A754CB /* WalletBaseApp.swift in Sources */ = {isa = PBXBuildFile; fileRef = 8D50F3AB273CBF1D00A754CB /* WalletBaseApp.swift */; };
		8D50F3AE273CBF1D00A754CB /* MainView.swift in Sources */ = {isa = PBXBuildFile; fileRef = 8D50F3AD273CBF1D00A754CB /* MainView.swift */; };
		8D50F3B0273CBF1F00A754CB /* Assets.xcassets in Resources */ = {isa = PBXBuildFile; fileRef = 8D50F3AF273CBF1F00A754CB /* Assets.xcassets */; };
		8D50F3B3273CBF1F00A754CB /* Preview Assets.xcassets in Resources */ = {isa = PBXBuildFile; fileRef = 8D50F3B2273CBF1F00A754CB /* Preview Assets.xcassets */; };
		8D50F3C8273CBF1F00A754CB /* WalletBaseUITests.swift in Sources */ = {isa = PBXBuildFile; fileRef = 8D50F3C7273CBF1F00A754CB /* WalletBaseUITests.swift */; };
		8D50F3CA273CBF2000A754CB /* WalletBaseUITestsLaunchTests.swift in Sources */ = {isa = PBXBuildFile; fileRef = 8D50F3C9273CBF2000A754CB /* WalletBaseUITestsLaunchTests.swift */; };
		8D50F3D7273CC0AD00A754CB /* SwlDatabase.swift in Sources */ = {isa = PBXBuildFile; fileRef = 8D50F3D6273CC0AD00A754CB /* SwlDatabase.swift */; };
		8D50F3DA274196BB00A754CB /* SwlCrypto.swift in Sources */ = {isa = PBXBuildFile; fileRef = 8D50F3D9274196BB00A754CB /* SwlCrypto.swift */; };
		8D50F3DB274196BB00A754CB /* SwlCrypto.swift in Sources */ = {isa = PBXBuildFile; fileRef = 8D50F3D9274196BB00A754CB /* SwlCrypto.swift */; };
		8D50F3DD2741974B00A754CB /* CryptoProvider.swift in Sources */ = {isa = PBXBuildFile; fileRef = 8D50F3DC2741974B00A754CB /* CryptoProvider.swift */; };
		8D50F3DE2741974B00A754CB /* CryptoProvider.swift in Sources */ = {isa = PBXBuildFile; fileRef = 8D50F3DC2741974B00A754CB /* CryptoProvider.swift */; };
		8D50F3E327419BF000A754CB /* PasswordPrompt.swift in Sources */ = {isa = PBXBuildFile; fileRef = 8D50F3E227419BF000A754CB /* PasswordPrompt.swift */; };
		8D50F3E427419BF000A754CB /* PasswordPrompt.swift in Sources */ = {isa = PBXBuildFile; fileRef = 8D50F3E227419BF000A754CB /* PasswordPrompt.swift */; };
		8D50F3E527419BF700A754CB /* MainView.swift in Sources */ = {isa = PBXBuildFile; fileRef = 8D50F3AD273CBF1D00A754CB /* MainView.swift */; };
		8D5D6134274757C900F95986 /* SQLiteDatabase.swift in Sources */ = {isa = PBXBuildFile; fileRef = 8D5D6133274757C900F95986 /* SQLiteDatabase.swift */; };
		8D5D61362748A62A00F95986 /* ItemGrid.swift in Sources */ = {isa = PBXBuildFile; fileRef = 8D5D61352748A62A00F95986 /* ItemGrid.swift */; };
		8D5D61372748AAD300F95986 /* SQLiteDatabase.swift in Sources */ = {isa = PBXBuildFile; fileRef = 8D5D6133274757C900F95986 /* SQLiteDatabase.swift */; };
		8D5D61382749AF3900F95986 /* SwlDatabase.swift in Sources */ = {isa = PBXBuildFile; fileRef = 8D50F3D6273CC0AD00A754CB /* SwlDatabase.swift */; };
		8D5D61392749AF4400F95986 /* ItemGrid.swift in Sources */ = {isa = PBXBuildFile; fileRef = 8D5D61352748A62A00F95986 /* ItemGrid.swift */; };
		8D5D613C275193EF00F95986 /* SwlID.swift in Sources */ = {isa = PBXBuildFile; fileRef = 8D5D613B275193EF00F95986 /* SwlID.swift */; };
		8D5D613E2751942B00F95986 /* SwlCategory.swift in Sources */ = {isa = PBXBuildFile; fileRef = 8D5D613D2751942B00F95986 /* SwlCategory.swift */; };
		8D5D6140275194C500F95986 /* SwlItem.swift in Sources */ = {isa = PBXBuildFile; fileRef = 8D5D613F275194C500F95986 /* SwlItem.swift */; };
		8D5D61432751954600F95986 /* Array+SQLiteDatabaseItem.swift in Sources */ = {isa = PBXBuildFile; fileRef = 8D5D61422751954600F95986 /* Array+SQLiteDatabaseItem.swift */; };
		8D5D61452751956700F95986 /* String+SQLiteDatabaseItem.swift in Sources */ = {isa = PBXBuildFile; fileRef = 8D5D61442751956700F95986 /* String+SQLiteDatabaseItem.swift */; };
		8D5D61472751959900F95986 /* SwlID+SQLiteDatabaseItem.swift in Sources */ = {isa = PBXBuildFile; fileRef = 8D5D61462751959900F95986 /* SwlID+SQLiteDatabaseItem.swift */; };
		8D5D61492751960800F95986 /* SwlCategory+SQLiteDatabaseItem.swift in Sources */ = {isa = PBXBuildFile; fileRef = 8D5D61482751960700F95986 /* SwlCategory+SQLiteDatabaseItem.swift */; };
		8D5D614D2751E65B00F95986 /* Sequence+Sorted.swift in Sources */ = {isa = PBXBuildFile; fileRef = 8D5D614C2751E65B00F95986 /* Sequence+Sorted.swift */; };
		8D5D614F2751E89C00F95986 /* SwlCard.swift in Sources */ = {isa = PBXBuildFile; fileRef = 8D5D614E2751E89C00F95986 /* SwlCard.swift */; };
		8D5D61512751E96E00F95986 /* SwlCard+SQLiteDatabaseItem.swift in Sources */ = {isa = PBXBuildFile; fileRef = 8D5D61502751E96E00F95986 /* SwlCard+SQLiteDatabaseItem.swift */; };
		8D5D615327550F8900F95986 /* SwlCardFieldValue.swift in Sources */ = {isa = PBXBuildFile; fileRef = 8D5D615227550F8900F95986 /* SwlCardFieldValue.swift */; };
		8D5D61552755140600F95986 /* SwlCardFieldValue+SQLiteDatabaseItem.swift in Sources */ = {isa = PBXBuildFile; fileRef = 8D5D61542755140600F95986 /* SwlCardFieldValue+SQLiteDatabaseItem.swift */; };
		8D5D615B2759B01F00F95986 /* NavigationFrame.swift in Sources */ = {isa = PBXBuildFile; fileRef = 8D5D615A2759B01F00F95986 /* NavigationFrame.swift */; };
		8D5D615C2759B2F300F95986 /* SwlItem.swift in Sources */ = {isa = PBXBuildFile; fileRef = 8D5D613F275194C500F95986 /* SwlItem.swift */; };
		8D5D615D2759B32100F95986 /* SwlCategory.swift in Sources */ = {isa = PBXBuildFile; fileRef = 8D5D613D2751942B00F95986 /* SwlCategory.swift */; };
		8D5D615E2759B34B00F95986 /* Array+SQLiteDatabaseItem.swift in Sources */ = {isa = PBXBuildFile; fileRef = 8D5D61422751954600F95986 /* Array+SQLiteDatabaseItem.swift */; };
		8D5D615F2759B34E00F95986 /* String+SQLiteDatabaseItem.swift in Sources */ = {isa = PBXBuildFile; fileRef = 8D5D61442751956700F95986 /* String+SQLiteDatabaseItem.swift */; };
		8D5D61602759B35200F95986 /* SwlID.swift in Sources */ = {isa = PBXBuildFile; fileRef = 8D5D613B275193EF00F95986 /* SwlID.swift */; };
		8D5D61612759B35B00F95986 /* SwlCard.swift in Sources */ = {isa = PBXBuildFile; fileRef = 8D5D614E2751E89C00F95986 /* SwlCard.swift */; };
		8D5D61622759B35F00F95986 /* SwlCardFieldValue.swift in Sources */ = {isa = PBXBuildFile; fileRef = 8D5D615227550F8900F95986 /* SwlCardFieldValue.swift */; };
		8D5D61632759B36400F95986 /* SwlID+SQLiteDatabaseItem.swift in Sources */ = {isa = PBXBuildFile; fileRef = 8D5D61462751959900F95986 /* SwlID+SQLiteDatabaseItem.swift */; };
		8D5D61642759B36700F95986 /* SwlCard+SQLiteDatabaseItem.swift in Sources */ = {isa = PBXBuildFile; fileRef = 8D5D61502751E96E00F95986 /* SwlCard+SQLiteDatabaseItem.swift */; };
		8D5D61652759B36A00F95986 /* SwlCardFieldValue+SQLiteDatabaseItem.swift in Sources */ = {isa = PBXBuildFile; fileRef = 8D5D61542755140600F95986 /* SwlCardFieldValue+SQLiteDatabaseItem.swift */; };
		8D5D61662759B36D00F95986 /* SwlCategory+SQLiteDatabaseItem.swift in Sources */ = {isa = PBXBuildFile; fileRef = 8D5D61482751960700F95986 /* SwlCategory+SQLiteDatabaseItem.swift */; };
		8D5D61672759B37200F95986 /* Sequence+Sorted.swift in Sources */ = {isa = PBXBuildFile; fileRef = 8D5D614C2751E65B00F95986 /* Sequence+Sorted.swift */; };
		8D5D61682759B37900F95986 /* NavigationFrame.swift in Sources */ = {isa = PBXBuildFile; fileRef = 8D5D615A2759B01F00F95986 /* NavigationFrame.swift */; };
		8D5D616A2759B4E100F95986 /* CardView.swift in Sources */ = {isa = PBXBuildFile; fileRef = 8D5D61692759B4E100F95986 /* CardView.swift */; };
		8D5D616B2759B54700F95986 /* CardView.swift in Sources */ = {isa = PBXBuildFile; fileRef = 8D5D61692759B4E100F95986 /* CardView.swift */; };
		8D5D616D275A4E0B00F95986 /* CardValuesComposite.swift in Sources */ = {isa = PBXBuildFile; fileRef = 8D5D616C275A4E0B00F95986 /* CardValuesComposite.swift */; };
		8D5D616E275A4F0100F95986 /* CardValuesComposite.swift in Sources */ = {isa = PBXBuildFile; fileRef = 8D5D616C275A4E0B00F95986 /* CardValuesComposite.swift */; };
		8D5D6170275C70F200F95986 /* SwlTemplateField.swift in Sources */ = {isa = PBXBuildFile; fileRef = 8D5D616F275C70F200F95986 /* SwlTemplateField.swift */; };
		8D5D6171275C70F200F95986 /* SwlTemplateField.swift in Sources */ = {isa = PBXBuildFile; fileRef = 8D5D616F275C70F200F95986 /* SwlTemplateField.swift */; };
		8D5D6173275C754300F95986 /* SwlTemplateField+SQLiteDatabaseItem.swift in Sources */ = {isa = PBXBuildFile; fileRef = 8D5D6172275C754300F95986 /* SwlTemplateField+SQLiteDatabaseItem.swift */; };
		8D5D6174275C754300F95986 /* SwlTemplateField+SQLiteDatabaseItem.swift in Sources */ = {isa = PBXBuildFile; fileRef = 8D5D6172275C754300F95986 /* SwlTemplateField+SQLiteDatabaseItem.swift */; };
		8D5D6176275C76F100F95986 /* Int32+SQLiteDatabaseItem.swift in Sources */ = {isa = PBXBuildFile; fileRef = 8D5D6175275C76F100F95986 /* Int32+SQLiteDatabaseItem.swift */; };
		8D5D6177275C76F100F95986 /* Int32+SQLiteDatabaseItem.swift in Sources */ = {isa = PBXBuildFile; fileRef = 8D5D6175275C76F100F95986 /* Int32+SQLiteDatabaseItem.swift */; };
		8D5D617C275E381000F95986 /* CardValue.swift in Sources */ = {isa = PBXBuildFile; fileRef = 8D5D617B275E381000F95986 /* CardValue.swift */; };
		8D5D617D275E381000F95986 /* CardValue.swift in Sources */ = {isa = PBXBuildFile; fileRef = 8D5D617B275E381000F95986 /* CardValue.swift */; };
		8D5D617F2764487600F95986 /* SwlCardAttachment.swift in Sources */ = {isa = PBXBuildFile; fileRef = 8D5D617E2764487500F95986 /* SwlCardAttachment.swift */; };
		8D5D61802764487600F95986 /* SwlCardAttachment.swift in Sources */ = {isa = PBXBuildFile; fileRef = 8D5D617E2764487500F95986 /* SwlCardAttachment.swift */; };
		8D5D61822764495900F95986 /* SwlCardAttachment+SQLiteDatabaseItem.swift in Sources */ = {isa = PBXBuildFile; fileRef = 8D5D61812764495900F95986 /* SwlCardAttachment+SQLiteDatabaseItem.swift */; };
		8D5D61832764495900F95986 /* SwlCardAttachment+SQLiteDatabaseItem.swift in Sources */ = {isa = PBXBuildFile; fileRef = 8D5D61812764495900F95986 /* SwlCardAttachment+SQLiteDatabaseItem.swift */; };
		8D5D6185276EDB5E00F95986 /* SwlCardDescription.swift in Sources */ = {isa = PBXBuildFile; fileRef = 8D5D6184276EDB5E00F95986 /* SwlCardDescription.swift */; };
		8D5D6186276EDB5E00F95986 /* SwlCardDescription.swift in Sources */ = {isa = PBXBuildFile; fileRef = 8D5D6184276EDB5E00F95986 /* SwlCardDescription.swift */; };
		8D5D6188276EDBDD00F95986 /* SwlCardDescription+SQLiteDatabaseItem.swift in Sources */ = {isa = PBXBuildFile; fileRef = 8D5D6187276EDBDD00F95986 /* SwlCardDescription+SQLiteDatabaseItem.swift */; };
		8D5D6189276EDBDD00F95986 /* SwlCardDescription+SQLiteDatabaseItem.swift in Sources */ = {isa = PBXBuildFile; fileRef = 8D5D6187276EDBDD00F95986 /* SwlCardDescription+SQLiteDatabaseItem.swift */; };
		8D5D618C276FBF4A00F95986 /* SwlCard+SQLiteQueryReadWritable.swift in Sources */ = {isa = PBXBuildFile; fileRef = 8D5D618B276FBF4A00F95986 /* SwlCard+SQLiteQueryReadWritable.swift */; };
		8D5D618D276FBF4A00F95986 /* SwlCard+SQLiteQueryReadWritable.swift in Sources */ = {isa = PBXBuildFile; fileRef = 8D5D618B276FBF4A00F95986 /* SwlCard+SQLiteQueryReadWritable.swift */; };
		8D5D618F276FC0D200F95986 /* SwlCategory+SQLiteQuerySelectable.swift in Sources */ = {isa = PBXBuildFile; fileRef = 8D5D618E276FC0D200F95986 /* SwlCategory+SQLiteQuerySelectable.swift */; };
		8D5D6190276FC0D200F95986 /* SwlCategory+SQLiteQuerySelectable.swift in Sources */ = {isa = PBXBuildFile; fileRef = 8D5D618E276FC0D200F95986 /* SwlCategory+SQLiteQuerySelectable.swift */; };
		8D5D6192276FC15300F95986 /* SwlCardDescription+SQLiteQuerySelectable.swift in Sources */ = {isa = PBXBuildFile; fileRef = 8D5D6191276FC15300F95986 /* SwlCardDescription+SQLiteQuerySelectable.swift */; };
		8D5D6193276FC15300F95986 /* SwlCardDescription+SQLiteQuerySelectable.swift in Sources */ = {isa = PBXBuildFile; fileRef = 8D5D6191276FC15300F95986 /* SwlCardDescription+SQLiteQuerySelectable.swift */; };
		8D5D6195276FC1B300F95986 /* SwlCardAttachment+SQLiteQuerySelectable.swift in Sources */ = {isa = PBXBuildFile; fileRef = 8D5D6194276FC1B300F95986 /* SwlCardAttachment+SQLiteQuerySelectable.swift */; };
		8D5D6196276FC1B300F95986 /* SwlCardAttachment+SQLiteQuerySelectable.swift in Sources */ = {isa = PBXBuildFile; fileRef = 8D5D6194276FC1B300F95986 /* SwlCardAttachment+SQLiteQuerySelectable.swift */; };
		8D5D6198276FC1F600F95986 /* SwlCardFieldValue+SQLiteQueryReadWritable.swift in Sources */ = {isa = PBXBuildFile; fileRef = 8D5D6197276FC1F600F95986 /* SwlCardFieldValue+SQLiteQueryReadWritable.swift */; };
		8D5D6199276FC1F600F95986 /* SwlCardFieldValue+SQLiteQueryReadWritable.swift in Sources */ = {isa = PBXBuildFile; fileRef = 8D5D6197276FC1F600F95986 /* SwlCardFieldValue+SQLiteQueryReadWritable.swift */; };
		8D5D619B276FC27100F95986 /* SwlTemplateField+SQLiteQueryReadWritable.swift in Sources */ = {isa = PBXBuildFile; fileRef = 8D5D619A276FC27000F95986 /* SwlTemplateField+SQLiteQueryReadWritable.swift */; };
		8D5D619C276FC27100F95986 /* SwlTemplateField+SQLiteQueryReadWritable.swift in Sources */ = {isa = PBXBuildFile; fileRef = 8D5D619A276FC27000F95986 /* SwlTemplateField+SQLiteQueryReadWritable.swift */; };
		8D5D619E2770B3F500F95986 /* URL+Crypto.swift in Sources */ = {isa = PBXBuildFile; fileRef = 8D5D619D2770B3F500F95986 /* URL+Crypto.swift */; };
		8D5D619F2770B3F500F95986 /* URL+Crypto.swift in Sources */ = {isa = PBXBuildFile; fileRef = 8D5D619D2770B3F500F95986 /* URL+Crypto.swift */; };
		8D5D61A1277ABBDB00F95986 /* ActivityMonitor.swift in Sources */ = {isa = PBXBuildFile; fileRef = 8D5D61A0277ABBDB00F95986 /* ActivityMonitor.swift */; };
		8D6A211129A866E3003A4941 /* SwlTemplate.swift in Sources */ = {isa = PBXBuildFile; fileRef = 8D6A211029A866E3003A4941 /* SwlTemplate.swift */; };
		8D6A211329A867C2003A4941 /* SwlTemplate+SQLiteDatabaseItem.swift in Sources */ = {isa = PBXBuildFile; fileRef = 8D6A211229A867C2003A4941 /* SwlTemplate+SQLiteDatabaseItem.swift */; };
		8D6A211529A868D6003A4941 /* SwlTemplate+SQLiteQuerySelectable.swift in Sources */ = {isa = PBXBuildFile; fileRef = 8D6A211429A868D6003A4941 /* SwlTemplate+SQLiteQuerySelectable.swift */; };
		8D6A211729BA0B37003A4941 /* RandomizedCrypto.swift in Sources */ = {isa = PBXBuildFile; fileRef = 8D6A211629BA0B37003A4941 /* RandomizedCrypto.swift */; };
		8D97CE34288791DE00373192 /* UnlockView.swift in Sources */ = {isa = PBXBuildFile; fileRef = 8D97CE33288791DE00373192 /* UnlockView.swift */; };
		8D97CE35288792F400373192 /* ActivityMonitor.swift in Sources */ = {isa = PBXBuildFile; fileRef = 8D5D61A0277ABBDB00F95986 /* ActivityMonitor.swift */; };
		8D97CE362887930B00373192 /* UnlockView.swift in Sources */ = {isa = PBXBuildFile; fileRef = 8D97CE33288791DE00373192 /* UnlockView.swift */; };
		8D97CE38288797C400373192 /* FileStorage.swift in Sources */ = {isa = PBXBuildFile; fileRef = 8D97CE37288797C400373192 /* FileStorage.swift */; };
		8D97CE39288797C400373192 /* FileStorage.swift in Sources */ = {isa = PBXBuildFile; fileRef = 8D97CE37288797C400373192 /* FileStorage.swift */; };
		8D97CE3B2887AD6900373192 /* String+splitOnLastOccurenceOf.swift in Sources */ = {isa = PBXBuildFile; fileRef = 8D97CE3A2887AD6900373192 /* String+splitOnLastOccurenceOf.swift */; };
		8D97CE3C2887AD6900373192 /* String+splitOnLastOccurenceOf.swift in Sources */ = {isa = PBXBuildFile; fileRef = 8D97CE3A2887AD6900373192 /* String+splitOnLastOccurenceOf.swift */; };
		8D97CE3E2887B97B00373192 /* WalletFile.swift in Sources */ = {isa = PBXBuildFile; fileRef = 8D97CE3D2887B97B00373192 /* WalletFile.swift */; };
		8D97CE3F2887B97B00373192 /* WalletFile.swift in Sources */ = {isa = PBXBuildFile; fileRef = 8D97CE3D2887B97B00373192 /* WalletFile.swift */; };
		8D97CE412887BB6000373192 /* SandboxFileBrowser.swift in Sources */ = {isa = PBXBuildFile; fileRef = 8D97CE402887BB6000373192 /* SandboxFileBrowser.swift */; };
		8D97CE422887BB6000373192 /* SandboxFileBrowser.swift in Sources */ = {isa = PBXBuildFile; fileRef = 8D97CE402887BB6000373192 /* SandboxFileBrowser.swift */; };
		8D97CE47289A22E200373192 /* String+SplitByLength.swift in Sources */ = {isa = PBXBuildFile; fileRef = 8D97CE46289A22E200373192 /* String+SplitByLength.swift */; };
		8D97CE48289A22E300373192 /* String+SplitByLength.swift in Sources */ = {isa = PBXBuildFile; fileRef = 8D97CE46289A22E200373192 /* String+SplitByLength.swift */; };
		8D97CE4D289A237200373192 /* SQLiteDataType.swift in Sources */ = {isa = PBXBuildFile; fileRef = 8D97CE4C289A237200373192 /* SQLiteDataType.swift */; };
		8D97CE4E289A237200373192 /* SQLiteDataType.swift in Sources */ = {isa = PBXBuildFile; fileRef = 8D97CE4C289A237200373192 /* SQLiteDataType.swift */; };
		8D97CE51289A23AD00373192 /* SQLiteVarcharItem.swift in Sources */ = {isa = PBXBuildFile; fileRef = 8D97CE50289A23AD00373192 /* SQLiteVarcharItem.swift */; };
		8D97CE52289A23AD00373192 /* SQLiteVarcharItem.swift in Sources */ = {isa = PBXBuildFile; fileRef = 8D97CE50289A23AD00373192 /* SQLiteVarcharItem.swift */; };
		8D97CE54289A23CA00373192 /* SQLiteDataItem.swift in Sources */ = {isa = PBXBuildFile; fileRef = 8D97CE53289A23CA00373192 /* SQLiteDataItem.swift */; };
		8D97CE55289A23CA00373192 /* SQLiteDataItem.swift in Sources */ = {isa = PBXBuildFile; fileRef = 8D97CE53289A23CA00373192 /* SQLiteDataItem.swift */; };
		8D97CE57289A27D000373192 /* SQLiteProtocols.swift in Sources */ = {isa = PBXBuildFile; fileRef = 8D97CE56289A27D000373192 /* SQLiteProtocols.swift */; };
		8D97CE58289A27D000373192 /* SQLiteProtocols.swift in Sources */ = {isa = PBXBuildFile; fileRef = 8D97CE56289A27D000373192 /* SQLiteProtocols.swift */; };
		8D97CE5A28B0507400373192 /* SwlCryptoTests.swift in Sources */ = {isa = PBXBuildFile; fileRef = 8D97CE5928B0507400373192 /* SwlCryptoTests.swift */; };
		8D9DC80F296508D900D392CE /* Image+OldOS.swift in Sources */ = {isa = PBXBuildFile; fileRef = 8D9DC80E296508D900D392CE /* Image+OldOS.swift */; };
		8D9DC811296BD3E900D392CE /* CompatibilityVGrid.swift in Sources */ = {isa = PBXBuildFile; fileRef = 8D9DC810296BD3E900D392CE /* CompatibilityVGrid.swift */; };
		8DA75A9D299F1C6200E83E9C /* MultilineTextField.swift in Sources */ = {isa = PBXBuildFile; fileRef = 8DA75A9C299F1C6200E83E9C /* MultilineTextField.swift */; };
		8DA75A9F299F1F5D00E83E9C /* View+compatibilityKeyboardShortcut.swift in Sources */ = {isa = PBXBuildFile; fileRef = 8DA75A9E299F1F5D00E83E9C /* View+compatibilityKeyboardShortcut.swift */; };
		8DB2029029022D1D00736057 /* View+MakeFirstResponder.swift in Sources */ = {isa = PBXBuildFile; fileRef = 8DB2028F29022D1D00736057 /* View+MakeFirstResponder.swift */; };
/* End PBXBuildFile section */

/* Begin PBXContainerItemProxy section */
		8D50F3BA273CBF1F00A754CB /* PBXContainerItemProxy */ = {
			isa = PBXContainerItemProxy;
			containerPortal = 8D50F3A0273CBF1D00A754CB /* Project object */;
			proxyType = 1;
			remoteGlobalIDString = 8D50F3A7273CBF1D00A754CB;
			remoteInfo = WalletBase;
		};
		8D50F3C4273CBF1F00A754CB /* PBXContainerItemProxy */ = {
			isa = PBXContainerItemProxy;
			containerPortal = 8D50F3A0273CBF1D00A754CB /* Project object */;
			proxyType = 1;
			remoteGlobalIDString = 8D50F3A7273CBF1D00A754CB;
			remoteInfo = WalletBase;
		};
/* End PBXContainerItemProxy section */

/* Begin PBXFileReference section */
		8D50F3A8273CBF1D00A754CB /* WalletBase.app */ = {isa = PBXFileReference; explicitFileType = wrapper.application; includeInIndex = 0; path = WalletBase.app; sourceTree = BUILT_PRODUCTS_DIR; };
		8D50F3AB273CBF1D00A754CB /* WalletBaseApp.swift */ = {isa = PBXFileReference; lastKnownFileType = sourcecode.swift; path = WalletBaseApp.swift; sourceTree = "<group>"; };
		8D50F3AD273CBF1D00A754CB /* MainView.swift */ = {isa = PBXFileReference; lastKnownFileType = sourcecode.swift; path = MainView.swift; sourceTree = "<group>"; };
		8D50F3AF273CBF1F00A754CB /* Assets.xcassets */ = {isa = PBXFileReference; lastKnownFileType = folder.assetcatalog; path = Assets.xcassets; sourceTree = "<group>"; };
		8D50F3B2273CBF1F00A754CB /* Preview Assets.xcassets */ = {isa = PBXFileReference; lastKnownFileType = folder.assetcatalog; path = "Preview Assets.xcassets"; sourceTree = "<group>"; };
		8D50F3B4273CBF1F00A754CB /* WalletBase.entitlements */ = {isa = PBXFileReference; lastKnownFileType = text.plist.entitlements; path = WalletBase.entitlements; sourceTree = "<group>"; };
		8D50F3B9273CBF1F00A754CB /* WalletBaseTests.xctest */ = {isa = PBXFileReference; explicitFileType = wrapper.cfbundle; includeInIndex = 0; path = WalletBaseTests.xctest; sourceTree = BUILT_PRODUCTS_DIR; };
		8D50F3C3273CBF1F00A754CB /* WalletBaseUITests.xctest */ = {isa = PBXFileReference; explicitFileType = wrapper.cfbundle; includeInIndex = 0; path = WalletBaseUITests.xctest; sourceTree = BUILT_PRODUCTS_DIR; };
		8D50F3C7273CBF1F00A754CB /* WalletBaseUITests.swift */ = {isa = PBXFileReference; lastKnownFileType = sourcecode.swift; path = WalletBaseUITests.swift; sourceTree = "<group>"; };
		8D50F3C9273CBF2000A754CB /* WalletBaseUITestsLaunchTests.swift */ = {isa = PBXFileReference; lastKnownFileType = sourcecode.swift; path = WalletBaseUITestsLaunchTests.swift; sourceTree = "<group>"; };
		8D50F3D6273CC0AD00A754CB /* SwlDatabase.swift */ = {isa = PBXFileReference; lastKnownFileType = sourcecode.swift; path = SwlDatabase.swift; sourceTree = "<group>"; };
		8D50F3D9274196BB00A754CB /* SwlCrypto.swift */ = {isa = PBXFileReference; lastKnownFileType = sourcecode.swift; path = SwlCrypto.swift; sourceTree = "<group>"; };
		8D50F3DC2741974B00A754CB /* CryptoProvider.swift */ = {isa = PBXFileReference; lastKnownFileType = sourcecode.swift; path = CryptoProvider.swift; sourceTree = "<group>"; };
		8D50F3E227419BF000A754CB /* PasswordPrompt.swift */ = {isa = PBXFileReference; lastKnownFileType = sourcecode.swift; path = PasswordPrompt.swift; sourceTree = "<group>"; };
		8D5D6133274757C900F95986 /* SQLiteDatabase.swift */ = {isa = PBXFileReference; lastKnownFileType = sourcecode.swift; path = SQLiteDatabase.swift; sourceTree = "<group>"; };
		8D5D61352748A62A00F95986 /* ItemGrid.swift */ = {isa = PBXFileReference; lastKnownFileType = sourcecode.swift; path = ItemGrid.swift; sourceTree = "<group>"; };
		8D5D613B275193EF00F95986 /* SwlID.swift */ = {isa = PBXFileReference; lastKnownFileType = sourcecode.swift; path = SwlID.swift; sourceTree = "<group>"; };
		8D5D613D2751942B00F95986 /* SwlCategory.swift */ = {isa = PBXFileReference; lastKnownFileType = sourcecode.swift; path = SwlCategory.swift; sourceTree = "<group>"; };
		8D5D613F275194C500F95986 /* SwlItem.swift */ = {isa = PBXFileReference; lastKnownFileType = sourcecode.swift; path = SwlItem.swift; sourceTree = "<group>"; };
		8D5D61422751954600F95986 /* Array+SQLiteDatabaseItem.swift */ = {isa = PBXFileReference; lastKnownFileType = sourcecode.swift; path = "Array+SQLiteDatabaseItem.swift"; sourceTree = "<group>"; };
		8D5D61442751956700F95986 /* String+SQLiteDatabaseItem.swift */ = {isa = PBXFileReference; lastKnownFileType = sourcecode.swift; path = "String+SQLiteDatabaseItem.swift"; sourceTree = "<group>"; };
		8D5D61462751959900F95986 /* SwlID+SQLiteDatabaseItem.swift */ = {isa = PBXFileReference; lastKnownFileType = sourcecode.swift; path = "SwlID+SQLiteDatabaseItem.swift"; sourceTree = "<group>"; };
		8D5D61482751960700F95986 /* SwlCategory+SQLiteDatabaseItem.swift */ = {isa = PBXFileReference; lastKnownFileType = sourcecode.swift; path = "SwlCategory+SQLiteDatabaseItem.swift"; sourceTree = "<group>"; };
		8D5D614C2751E65B00F95986 /* Sequence+Sorted.swift */ = {isa = PBXFileReference; lastKnownFileType = sourcecode.swift; path = "Sequence+Sorted.swift"; sourceTree = "<group>"; };
		8D5D614E2751E89C00F95986 /* SwlCard.swift */ = {isa = PBXFileReference; lastKnownFileType = sourcecode.swift; path = SwlCard.swift; sourceTree = "<group>"; };
		8D5D61502751E96E00F95986 /* SwlCard+SQLiteDatabaseItem.swift */ = {isa = PBXFileReference; lastKnownFileType = sourcecode.swift; path = "SwlCard+SQLiteDatabaseItem.swift"; sourceTree = "<group>"; };
		8D5D615227550F8900F95986 /* SwlCardFieldValue.swift */ = {isa = PBXFileReference; lastKnownFileType = sourcecode.swift; path = SwlCardFieldValue.swift; sourceTree = "<group>"; };
		8D5D61542755140600F95986 /* SwlCardFieldValue+SQLiteDatabaseItem.swift */ = {isa = PBXFileReference; lastKnownFileType = sourcecode.swift; path = "SwlCardFieldValue+SQLiteDatabaseItem.swift"; sourceTree = "<group>"; };
		8D5D615A2759B01F00F95986 /* NavigationFrame.swift */ = {isa = PBXFileReference; lastKnownFileType = sourcecode.swift; path = NavigationFrame.swift; sourceTree = "<group>"; };
		8D5D61692759B4E100F95986 /* CardView.swift */ = {isa = PBXFileReference; lastKnownFileType = sourcecode.swift; path = CardView.swift; sourceTree = "<group>"; };
		8D5D616C275A4E0B00F95986 /* CardValuesComposite.swift */ = {isa = PBXFileReference; lastKnownFileType = sourcecode.swift; path = CardValuesComposite.swift; sourceTree = "<group>"; };
		8D5D616F275C70F200F95986 /* SwlTemplateField.swift */ = {isa = PBXFileReference; lastKnownFileType = sourcecode.swift; path = SwlTemplateField.swift; sourceTree = "<group>"; };
		8D5D6172275C754300F95986 /* SwlTemplateField+SQLiteDatabaseItem.swift */ = {isa = PBXFileReference; lastKnownFileType = sourcecode.swift; path = "SwlTemplateField+SQLiteDatabaseItem.swift"; sourceTree = "<group>"; };
		8D5D6175275C76F100F95986 /* Int32+SQLiteDatabaseItem.swift */ = {isa = PBXFileReference; lastKnownFileType = sourcecode.swift; path = "Int32+SQLiteDatabaseItem.swift"; sourceTree = "<group>"; };
		8D5D617B275E381000F95986 /* CardValue.swift */ = {isa = PBXFileReference; lastKnownFileType = sourcecode.swift; path = CardValue.swift; sourceTree = "<group>"; };
		8D5D617E2764487500F95986 /* SwlCardAttachment.swift */ = {isa = PBXFileReference; lastKnownFileType = sourcecode.swift; path = SwlCardAttachment.swift; sourceTree = "<group>"; };
		8D5D61812764495900F95986 /* SwlCardAttachment+SQLiteDatabaseItem.swift */ = {isa = PBXFileReference; lastKnownFileType = sourcecode.swift; path = "SwlCardAttachment+SQLiteDatabaseItem.swift"; sourceTree = "<group>"; };
		8D5D6184276EDB5E00F95986 /* SwlCardDescription.swift */ = {isa = PBXFileReference; lastKnownFileType = sourcecode.swift; path = SwlCardDescription.swift; sourceTree = "<group>"; };
		8D5D6187276EDBDD00F95986 /* SwlCardDescription+SQLiteDatabaseItem.swift */ = {isa = PBXFileReference; lastKnownFileType = sourcecode.swift; path = "SwlCardDescription+SQLiteDatabaseItem.swift"; sourceTree = "<group>"; };
		8D5D618B276FBF4A00F95986 /* SwlCard+SQLiteQueryReadWritable.swift */ = {isa = PBXFileReference; lastKnownFileType = sourcecode.swift; path = "SwlCard+SQLiteQueryReadWritable.swift"; sourceTree = "<group>"; };
		8D5D618E276FC0D200F95986 /* SwlCategory+SQLiteQuerySelectable.swift */ = {isa = PBXFileReference; lastKnownFileType = sourcecode.swift; path = "SwlCategory+SQLiteQuerySelectable.swift"; sourceTree = "<group>"; };
		8D5D6191276FC15300F95986 /* SwlCardDescription+SQLiteQuerySelectable.swift */ = {isa = PBXFileReference; lastKnownFileType = sourcecode.swift; path = "SwlCardDescription+SQLiteQuerySelectable.swift"; sourceTree = "<group>"; };
		8D5D6194276FC1B300F95986 /* SwlCardAttachment+SQLiteQuerySelectable.swift */ = {isa = PBXFileReference; lastKnownFileType = sourcecode.swift; path = "SwlCardAttachment+SQLiteQuerySelectable.swift"; sourceTree = "<group>"; };
		8D5D6197276FC1F600F95986 /* SwlCardFieldValue+SQLiteQueryReadWritable.swift */ = {isa = PBXFileReference; lastKnownFileType = sourcecode.swift; path = "SwlCardFieldValue+SQLiteQueryReadWritable.swift"; sourceTree = "<group>"; };
		8D5D619A276FC27000F95986 /* SwlTemplateField+SQLiteQueryReadWritable.swift */ = {isa = PBXFileReference; lastKnownFileType = sourcecode.swift; path = "SwlTemplateField+SQLiteQueryReadWritable.swift"; sourceTree = "<group>"; };
		8D5D619D2770B3F500F95986 /* URL+Crypto.swift */ = {isa = PBXFileReference; lastKnownFileType = sourcecode.swift; path = "URL+Crypto.swift"; sourceTree = "<group>"; };
		8D5D61A0277ABBDB00F95986 /* ActivityMonitor.swift */ = {isa = PBXFileReference; lastKnownFileType = sourcecode.swift; path = ActivityMonitor.swift; sourceTree = "<group>"; };
		8D6A211029A866E3003A4941 /* SwlTemplate.swift */ = {isa = PBXFileReference; lastKnownFileType = sourcecode.swift; path = SwlTemplate.swift; sourceTree = "<group>"; };
		8D6A211229A867C2003A4941 /* SwlTemplate+SQLiteDatabaseItem.swift */ = {isa = PBXFileReference; lastKnownFileType = sourcecode.swift; path = "SwlTemplate+SQLiteDatabaseItem.swift"; sourceTree = "<group>"; };
		8D6A211429A868D6003A4941 /* SwlTemplate+SQLiteQuerySelectable.swift */ = {isa = PBXFileReference; lastKnownFileType = sourcecode.swift; path = "SwlTemplate+SQLiteQuerySelectable.swift"; sourceTree = "<group>"; };
		8D6A211629BA0B37003A4941 /* RandomizedCrypto.swift */ = {isa = PBXFileReference; lastKnownFileType = sourcecode.swift; path = RandomizedCrypto.swift; sourceTree = "<group>"; };
		8D97CE33288791DE00373192 /* UnlockView.swift */ = {isa = PBXFileReference; lastKnownFileType = sourcecode.swift; path = UnlockView.swift; sourceTree = "<group>"; };
		8D97CE37288797C400373192 /* FileStorage.swift */ = {isa = PBXFileReference; lastKnownFileType = sourcecode.swift; path = FileStorage.swift; sourceTree = "<group>"; };
		8D97CE3A2887AD6900373192 /* String+splitOnLastOccurenceOf.swift */ = {isa = PBXFileReference; lastKnownFileType = sourcecode.swift; path = "String+splitOnLastOccurenceOf.swift"; sourceTree = "<group>"; };
		8D97CE3D2887B97B00373192 /* WalletFile.swift */ = {isa = PBXFileReference; lastKnownFileType = sourcecode.swift; path = WalletFile.swift; sourceTree = "<group>"; };
		8D97CE402887BB6000373192 /* SandboxFileBrowser.swift */ = {isa = PBXFileReference; lastKnownFileType = sourcecode.swift; path = SandboxFileBrowser.swift; sourceTree = "<group>"; };
		8D97CE46289A22E200373192 /* String+SplitByLength.swift */ = {isa = PBXFileReference; lastKnownFileType = sourcecode.swift; path = "String+SplitByLength.swift"; sourceTree = "<group>"; };
		8D97CE4C289A237200373192 /* SQLiteDataType.swift */ = {isa = PBXFileReference; lastKnownFileType = sourcecode.swift; path = SQLiteDataType.swift; sourceTree = "<group>"; };
		8D97CE50289A23AD00373192 /* SQLiteVarcharItem.swift */ = {isa = PBXFileReference; lastKnownFileType = sourcecode.swift; path = SQLiteVarcharItem.swift; sourceTree = "<group>"; };
		8D97CE53289A23CA00373192 /* SQLiteDataItem.swift */ = {isa = PBXFileReference; lastKnownFileType = sourcecode.swift; path = SQLiteDataItem.swift; sourceTree = "<group>"; };
		8D97CE56289A27D000373192 /* SQLiteProtocols.swift */ = {isa = PBXFileReference; lastKnownFileType = sourcecode.swift; path = SQLiteProtocols.swift; sourceTree = "<group>"; };
		8D97CE5928B0507400373192 /* SwlCryptoTests.swift */ = {isa = PBXFileReference; lastKnownFileType = sourcecode.swift; path = SwlCryptoTests.swift; sourceTree = "<group>"; };
		8D9DC80E296508D900D392CE /* Image+OldOS.swift */ = {isa = PBXFileReference; lastKnownFileType = sourcecode.swift; path = "Image+OldOS.swift"; sourceTree = "<group>"; };
		8D9DC810296BD3E900D392CE /* CompatibilityVGrid.swift */ = {isa = PBXFileReference; lastKnownFileType = sourcecode.swift; path = CompatibilityVGrid.swift; sourceTree = "<group>"; };
		8DA75A9C299F1C6200E83E9C /* MultilineTextField.swift */ = {isa = PBXFileReference; lastKnownFileType = sourcecode.swift; path = MultilineTextField.swift; sourceTree = "<group>"; };
		8DA75A9E299F1F5D00E83E9C /* View+compatibilityKeyboardShortcut.swift */ = {isa = PBXFileReference; lastKnownFileType = sourcecode.swift; path = "View+compatibilityKeyboardShortcut.swift"; sourceTree = "<group>"; };
		8DB2028F29022D1D00736057 /* View+MakeFirstResponder.swift */ = {isa = PBXFileReference; lastKnownFileType = sourcecode.swift; path = "View+MakeFirstResponder.swift"; sourceTree = "<group>"; };
/* End PBXFileReference section */

/* Begin PBXFrameworksBuildPhase section */
		8D50F3A5273CBF1D00A754CB /* Frameworks */ = {
			isa = PBXFrameworksBuildPhase;
			buildActionMask = 2147483647;
			files = (
			);
			runOnlyForDeploymentPostprocessing = 0;
		};
		8D50F3B6273CBF1F00A754CB /* Frameworks */ = {
			isa = PBXFrameworksBuildPhase;
			buildActionMask = 2147483647;
			files = (
			);
			runOnlyForDeploymentPostprocessing = 0;
		};
		8D50F3C0273CBF1F00A754CB /* Frameworks */ = {
			isa = PBXFrameworksBuildPhase;
			buildActionMask = 2147483647;
			files = (
			);
			runOnlyForDeploymentPostprocessing = 0;
		};
/* End PBXFrameworksBuildPhase section */

/* Begin PBXGroup section */
		8D50F39F273CBF1D00A754CB = {
			isa = PBXGroup;
			children = (
				8D50F3AA273CBF1D00A754CB /* WalletBase */,
				8D50F3BC273CBF1F00A754CB /* WalletBaseTests */,
				8D50F3C6273CBF1F00A754CB /* WalletBaseUITests */,
				8D50F3A9273CBF1D00A754CB /* Products */,
			);
			sourceTree = "<group>";
		};
		8D50F3A9273CBF1D00A754CB /* Products */ = {
			isa = PBXGroup;
			children = (
				8D50F3A8273CBF1D00A754CB /* WalletBase.app */,
				8D50F3B9273CBF1F00A754CB /* WalletBaseTests.xctest */,
				8D50F3C3273CBF1F00A754CB /* WalletBaseUITests.xctest */,
			);
			name = Products;
			sourceTree = "<group>";
		};
		8D50F3AA273CBF1D00A754CB /* WalletBase */ = {
			isa = PBXGroup;
			children = (
				8D50F3E027419B7000A754CB /* Crypto */,
				8D50F3DF27419B5A00A754CB /* Database */,
				8D5D614B2751E62E00F95986 /* Util */,
				8D50F3E127419B8F00A754CB /* UI */,
				8D50F3AB273CBF1D00A754CB /* WalletBaseApp.swift */,
				8D50F3AF273CBF1F00A754CB /* Assets.xcassets */,
				8D50F3B4273CBF1F00A754CB /* WalletBase.entitlements */,
				8D50F3B1273CBF1F00A754CB /* Preview Content */,
			);
			path = WalletBase;
			sourceTree = "<group>";
		};
		8D50F3B1273CBF1F00A754CB /* Preview Content */ = {
			isa = PBXGroup;
			children = (
				8D50F3B2273CBF1F00A754CB /* Preview Assets.xcassets */,
			);
			path = "Preview Content";
			sourceTree = "<group>";
		};
		8D50F3BC273CBF1F00A754CB /* WalletBaseTests */ = {
			isa = PBXGroup;
			children = (
				8D97CE5928B0507400373192 /* SwlCryptoTests.swift */,
			);
			path = WalletBaseTests;
			sourceTree = "<group>";
		};
		8D50F3C6273CBF1F00A754CB /* WalletBaseUITests */ = {
			isa = PBXGroup;
			children = (
				8D50F3C7273CBF1F00A754CB /* WalletBaseUITests.swift */,
				8D50F3C9273CBF2000A754CB /* WalletBaseUITestsLaunchTests.swift */,
			);
			path = WalletBaseUITests;
			sourceTree = "<group>";
		};
		8D50F3DF27419B5A00A754CB /* Database */ = {
			isa = PBXGroup;
			children = (
				8D97CE49289A232500373192 /* SQLite */,
				8D50F3D6273CC0AD00A754CB /* SwlDatabase.swift */,
				8D5D613A275193D100F95986 /* Swl */,
			);
			path = Database;
			sourceTree = "<group>";
		};
		8D50F3E027419B7000A754CB /* Crypto */ = {
			isa = PBXGroup;
			children = (
				8D50F3DC2741974B00A754CB /* CryptoProvider.swift */,
				8D50F3D9274196BB00A754CB /* SwlCrypto.swift */,
				8D5D619D2770B3F500F95986 /* URL+Crypto.swift */,
				8D6A211629BA0B37003A4941 /* RandomizedCrypto.swift */,
			);
			path = Crypto;
			sourceTree = "<group>";
		};
		8D50F3E127419B8F00A754CB /* UI */ = {
			isa = PBXGroup;
			children = (
				8D97CE432887BD6D00373192 /* MainViewStates */,
				8D50F3AD273CBF1D00A754CB /* MainView.swift */,
				8D50F3E227419BF000A754CB /* PasswordPrompt.swift */,
				8D5D615A2759B01F00F95986 /* NavigationFrame.swift */,
				8D5D61352748A62A00F95986 /* ItemGrid.swift */,
				8D5D61692759B4E100F95986 /* CardView.swift */,
				8D5D617B275E381000F95986 /* CardValue.swift */,
			);
			path = UI;
			sourceTree = "<group>";
		};
		8D5D613A275193D100F95986 /* Swl */ = {
			isa = PBXGroup;
			children = (
				8D5D613B275193EF00F95986 /* SwlID.swift */,
				8D5D613F275194C500F95986 /* SwlItem.swift */,
				8D5D614E2751E89C00F95986 /* SwlCard.swift */,
				8D5D617E2764487500F95986 /* SwlCardAttachment.swift */,
				8D5D6184276EDB5E00F95986 /* SwlCardDescription.swift */,
				8D5D615227550F8900F95986 /* SwlCardFieldValue.swift */,
				8D5D613D2751942B00F95986 /* SwlCategory.swift */,
				8D6A211029A866E3003A4941 /* SwlTemplate.swift */,
				8D5D616F275C70F200F95986 /* SwlTemplateField.swift */,
				8D5D614A2751963E00F95986 /* SQLiteDatabaseItem */,
				8D97CE442899661300373192 /* SQLiteQueryDescribing */,
			);
			path = Swl;
			sourceTree = "<group>";
		};
		8D5D61412751952400F95986 /* SQLiteItems */ = {
			isa = PBXGroup;
			children = (
				8D5D61422751954600F95986 /* Array+SQLiteDatabaseItem.swift */,
				8D5D6175275C76F100F95986 /* Int32+SQLiteDatabaseItem.swift */,
				8D5D61442751956700F95986 /* String+SQLiteDatabaseItem.swift */,
			);
			path = SQLiteItems;
			sourceTree = "<group>";
		};
		8D5D614A2751963E00F95986 /* SQLiteDatabaseItem */ = {
			isa = PBXGroup;
			children = (
				8D5D61462751959900F95986 /* SwlID+SQLiteDatabaseItem.swift */,
				8D5D61502751E96E00F95986 /* SwlCard+SQLiteDatabaseItem.swift */,
				8D5D61812764495900F95986 /* SwlCardAttachment+SQLiteDatabaseItem.swift */,
				8D5D6187276EDBDD00F95986 /* SwlCardDescription+SQLiteDatabaseItem.swift */,
				8D5D61542755140600F95986 /* SwlCardFieldValue+SQLiteDatabaseItem.swift */,
				8D5D61482751960700F95986 /* SwlCategory+SQLiteDatabaseItem.swift */,
				8D6A211229A867C2003A4941 /* SwlTemplate+SQLiteDatabaseItem.swift */,
				8D5D6172275C754300F95986 /* SwlTemplateField+SQLiteDatabaseItem.swift */,
			);
			path = SQLiteDatabaseItem;
			sourceTree = "<group>";
		};
		8D5D614B2751E62E00F95986 /* Util */ = {
			isa = PBXGroup;
			children = (
				8D5D616C275A4E0B00F95986 /* CardValuesComposite.swift */,
				8D5D614C2751E65B00F95986 /* Sequence+Sorted.swift */,
				8D5D61A0277ABBDB00F95986 /* ActivityMonitor.swift */,
				8D97CE37288797C400373192 /* FileStorage.swift */,
				8D97CE3A2887AD6900373192 /* String+splitOnLastOccurenceOf.swift */,
				8D97CE3D2887B97B00373192 /* WalletFile.swift */,
				8D97CE46289A22E200373192 /* String+SplitByLength.swift */,
				8DB2028F29022D1D00736057 /* View+MakeFirstResponder.swift */,
				8D9DC80E296508D900D392CE /* Image+OldOS.swift */,
				8D9DC810296BD3E900D392CE /* CompatibilityVGrid.swift */,
				8DA75A9C299F1C6200E83E9C /* MultilineTextField.swift */,
				8DA75A9E299F1F5D00E83E9C /* View+compatibilityKeyboardShortcut.swift */,
			);
			path = Util;
			sourceTree = "<group>";
		};
		8D5D618A276FBF1F00F95986 /* SQLiteQuerySelectable */ = {
			isa = PBXGroup;
			children = (
				8D5D6191276FC15300F95986 /* SwlCardDescription+SQLiteQuerySelectable.swift */,
				8D5D6194276FC1B300F95986 /* SwlCardAttachment+SQLiteQuerySelectable.swift */,
				8D5D618E276FC0D200F95986 /* SwlCategory+SQLiteQuerySelectable.swift */,
				8D6A211429A868D6003A4941 /* SwlTemplate+SQLiteQuerySelectable.swift */,
			);
			path = SQLiteQuerySelectable;
			sourceTree = "<group>";
		};
		8D97CE432887BD6D00373192 /* MainViewStates */ = {
			isa = PBXGroup;
			children = (
				8D97CE402887BB6000373192 /* SandboxFileBrowser.swift */,
				8D97CE33288791DE00373192 /* UnlockView.swift */,
			);
			path = MainViewStates;
			sourceTree = "<group>";
		};
		8D97CE442899661300373192 /* SQLiteQueryDescribing */ = {
			isa = PBXGroup;
			children = (
				8D97CE452899665700373192 /* SQLiteQueryReadWritable */,
				8D5D618A276FBF1F00F95986 /* SQLiteQuerySelectable */,
			);
			path = SQLiteQueryDescribing;
			sourceTree = "<group>";
		};
		8D97CE452899665700373192 /* SQLiteQueryReadWritable */ = {
			isa = PBXGroup;
			children = (
				8D5D618B276FBF4A00F95986 /* SwlCard+SQLiteQueryReadWritable.swift */,
				8D5D6197276FC1F600F95986 /* SwlCardFieldValue+SQLiteQueryReadWritable.swift */,
				8D5D619A276FC27000F95986 /* SwlTemplateField+SQLiteQueryReadWritable.swift */,
			);
			path = SQLiteQueryReadWritable;
			sourceTree = "<group>";
		};
		8D97CE49289A232500373192 /* SQLite */ = {
			isa = PBXGroup;
			children = (
				8D5D6133274757C900F95986 /* SQLiteDatabase.swift */,
				8D97CE56289A27D000373192 /* SQLiteProtocols.swift */,
				8D97CE4F289A239000373192 /* DataTypes */,
				8D5D61412751952400F95986 /* SQLiteItems */,
			);
			path = SQLite;
			sourceTree = "<group>";
		};
		8D97CE4F289A239000373192 /* DataTypes */ = {
			isa = PBXGroup;
			children = (
				8D97CE4C289A237200373192 /* SQLiteDataType.swift */,
				8D97CE50289A23AD00373192 /* SQLiteVarcharItem.swift */,
				8D97CE53289A23CA00373192 /* SQLiteDataItem.swift */,
			);
			path = DataTypes;
			sourceTree = "<group>";
		};
/* End PBXGroup section */

/* Begin PBXNativeTarget section */
		8D50F3A7273CBF1D00A754CB /* WalletBase */ = {
			isa = PBXNativeTarget;
			buildConfigurationList = 8D50F3CD273CBF2000A754CB /* Build configuration list for PBXNativeTarget "WalletBase" */;
			buildPhases = (
				8D50F3A4273CBF1D00A754CB /* Sources */,
				8D50F3A5273CBF1D00A754CB /* Frameworks */,
				8D50F3A6273CBF1D00A754CB /* Resources */,
				8DA75AA0299F20B300E83E9C /* Set Build Number */,
			);
			buildRules = (
			);
			dependencies = (
			);
			name = WalletBase;
			productName = WalletBase;
			productReference = 8D50F3A8273CBF1D00A754CB /* WalletBase.app */;
			productType = "com.apple.product-type.application";
		};
		8D50F3B8273CBF1F00A754CB /* WalletBaseTests */ = {
			isa = PBXNativeTarget;
			buildConfigurationList = 8D50F3D0273CBF2000A754CB /* Build configuration list for PBXNativeTarget "WalletBaseTests" */;
			buildPhases = (
				8D50F3B5273CBF1F00A754CB /* Sources */,
				8D50F3B6273CBF1F00A754CB /* Frameworks */,
				8D50F3B7273CBF1F00A754CB /* Resources */,
			);
			buildRules = (
			);
			dependencies = (
				8D50F3BB273CBF1F00A754CB /* PBXTargetDependency */,
			);
			name = WalletBaseTests;
			productName = WalletBaseTests;
			productReference = 8D50F3B9273CBF1F00A754CB /* WalletBaseTests.xctest */;
			productType = "com.apple.product-type.bundle.unit-test";
		};
		8D50F3C2273CBF1F00A754CB /* WalletBaseUITests */ = {
			isa = PBXNativeTarget;
			buildConfigurationList = 8D50F3D3273CBF2000A754CB /* Build configuration list for PBXNativeTarget "WalletBaseUITests" */;
			buildPhases = (
				8D50F3BF273CBF1F00A754CB /* Sources */,
				8D50F3C0273CBF1F00A754CB /* Frameworks */,
				8D50F3C1273CBF1F00A754CB /* Resources */,
			);
			buildRules = (
			);
			dependencies = (
				8D50F3C5273CBF1F00A754CB /* PBXTargetDependency */,
			);
			name = WalletBaseUITests;
			productName = WalletBaseUITests;
			productReference = 8D50F3C3273CBF1F00A754CB /* WalletBaseUITests.xctest */;
			productType = "com.apple.product-type.bundle.ui-testing";
		};
/* End PBXNativeTarget section */

/* Begin PBXProject section */
		8D50F3A0273CBF1D00A754CB /* Project object */ = {
			isa = PBXProject;
			attributes = {
				BuildIndependentTargetsInParallel = 1;
				LastSwiftUpdateCheck = 1300;
				LastUpgradeCheck = 1300;
				TargetAttributes = {
					8D50F3A7273CBF1D00A754CB = {
						CreatedOnToolsVersion = 13.0;
					};
					8D50F3B8273CBF1F00A754CB = {
						CreatedOnToolsVersion = 13.0;
						TestTargetID = 8D50F3A7273CBF1D00A754CB;
					};
					8D50F3C2273CBF1F00A754CB = {
						CreatedOnToolsVersion = 13.0;
						TestTargetID = 8D50F3A7273CBF1D00A754CB;
					};
				};
			};
			buildConfigurationList = 8D50F3A3273CBF1D00A754CB /* Build configuration list for PBXProject "WalletBase" */;
			compatibilityVersion = "Xcode 13.0";
			developmentRegion = en;
			hasScannedForEncodings = 0;
			knownRegions = (
				en,
				Base,
			);
			mainGroup = 8D50F39F273CBF1D00A754CB;
			productRefGroup = 8D50F3A9273CBF1D00A754CB /* Products */;
			projectDirPath = "";
			projectRoot = "";
			targets = (
				8D50F3A7273CBF1D00A754CB /* WalletBase */,
				8D50F3B8273CBF1F00A754CB /* WalletBaseTests */,
				8D50F3C2273CBF1F00A754CB /* WalletBaseUITests */,
			);
		};
/* End PBXProject section */

/* Begin PBXResourcesBuildPhase section */
		8D50F3A6273CBF1D00A754CB /* Resources */ = {
			isa = PBXResourcesBuildPhase;
			buildActionMask = 2147483647;
			files = (
				8D50F3B3273CBF1F00A754CB /* Preview Assets.xcassets in Resources */,
				8D50F3B0273CBF1F00A754CB /* Assets.xcassets in Resources */,
			);
			runOnlyForDeploymentPostprocessing = 0;
		};
		8D50F3B7273CBF1F00A754CB /* Resources */ = {
			isa = PBXResourcesBuildPhase;
			buildActionMask = 2147483647;
			files = (
			);
			runOnlyForDeploymentPostprocessing = 0;
		};
		8D50F3C1273CBF1F00A754CB /* Resources */ = {
			isa = PBXResourcesBuildPhase;
			buildActionMask = 2147483647;
			files = (
			);
			runOnlyForDeploymentPostprocessing = 0;
		};
/* End PBXResourcesBuildPhase section */

/* Begin PBXShellScriptBuildPhase section */
		8DA75AA0299F20B300E83E9C /* Set Build Number */ = {
			isa = PBXShellScriptBuildPhase;
			buildActionMask = 2147483647;
			files = (
			);
			inputFileListPaths = (
			);
			inputPaths = (
			);
			name = "Set Build Number";
			outputFileListPaths = (
			);
			outputPaths = (
			);
			runOnlyForDeploymentPostprocessing = 0;
			shellPath = /bin/sh;
			shellScript = "# Type a script or drag a script file from your workspace to insert its path.\n\nbuildNumber=$(LC_TIME=C TZ=America/Chicago date +%y.%m%d.%H)\n\n/usr/libexec/PlistBuddy -c \"Set :CFBundleVersion $buildNumber\" \"${BUILT_PRODUCTS_DIR}/${INFOPLIST_PATH}\"\n";
		};
/* End PBXShellScriptBuildPhase section */

/* Begin PBXSourcesBuildPhase section */
		8D50F3A4273CBF1D00A754CB /* Sources */ = {
			isa = PBXSourcesBuildPhase;
			buildActionMask = 2147483647;
			files = (
				8D97CE38288797C400373192 /* FileStorage.swift in Sources */,
				8D97CE3B2887AD6900373192 /* String+splitOnLastOccurenceOf.swift in Sources */,
				8D50F3AE273CBF1D00A754CB /* MainView.swift in Sources */,
				8D5D613E2751942B00F95986 /* SwlCategory.swift in Sources */,
				8D50F3DD2741974B00A754CB /* CryptoProvider.swift in Sources */,
				8D50F3E327419BF000A754CB /* PasswordPrompt.swift in Sources */,
				8D5D6195276FC1B300F95986 /* SwlCardAttachment+SQLiteQuerySelectable.swift in Sources */,
				8D5D615327550F8900F95986 /* SwlCardFieldValue.swift in Sources */,
				8D6A211529A868D6003A4941 /* SwlTemplate+SQLiteQuerySelectable.swift in Sources */,
				8D5D619E2770B3F500F95986 /* URL+Crypto.swift in Sources */,
				8D50F3DA274196BB00A754CB /* SwlCrypto.swift in Sources */,
				8D97CE47289A22E200373192 /* String+SplitByLength.swift in Sources */,
				8D5D614D2751E65B00F95986 /* Sequence+Sorted.swift in Sources */,
				8D5D61512751E96E00F95986 /* SwlCard+SQLiteDatabaseItem.swift in Sources */,
				8D9DC811296BD3E900D392CE /* CompatibilityVGrid.swift in Sources */,
				8D6A211729BA0B37003A4941 /* RandomizedCrypto.swift in Sources */,
				8D5D61472751959900F95986 /* SwlID+SQLiteDatabaseItem.swift in Sources */,
				8DB2029029022D1D00736057 /* View+MakeFirstResponder.swift in Sources */,
				8DA75A9F299F1F5D00E83E9C /* View+compatibilityKeyboardShortcut.swift in Sources */,
				8D5D6198276FC1F600F95986 /* SwlCardFieldValue+SQLiteQueryReadWritable.swift in Sources */,
				8D5D61492751960800F95986 /* SwlCategory+SQLiteDatabaseItem.swift in Sources */,
				8D97CE51289A23AD00373192 /* SQLiteVarcharItem.swift in Sources */,
				8D5D618F276FC0D200F95986 /* SwlCategory+SQLiteQuerySelectable.swift in Sources */,
				8D9DC80F296508D900D392CE /* Image+OldOS.swift in Sources */,
				8D5D6188276EDBDD00F95986 /* SwlCardDescription+SQLiteDatabaseItem.swift in Sources */,
				8D5D615B2759B01F00F95986 /* NavigationFrame.swift in Sources */,
				8D5D61432751954600F95986 /* Array+SQLiteDatabaseItem.swift in Sources */,
				8D5D61A1277ABBDB00F95986 /* ActivityMonitor.swift in Sources */,
				8D5D6140275194C500F95986 /* SwlItem.swift in Sources */,
				8D97CE3E2887B97B00373192 /* WalletFile.swift in Sources */,
				8D5D6185276EDB5E00F95986 /* SwlCardDescription.swift in Sources */,
				8D5D619B276FC27100F95986 /* SwlTemplateField+SQLiteQueryReadWritable.swift in Sources */,
				8D97CE54289A23CA00373192 /* SQLiteDataItem.swift in Sources */,
				8D5D613C275193EF00F95986 /* SwlID.swift in Sources */,
				8D50F3AC273CBF1D00A754CB /* WalletBaseApp.swift in Sources */,
				8D6A211129A866E3003A4941 /* SwlTemplate.swift in Sources */,
				8D5D6176275C76F100F95986 /* Int32+SQLiteDatabaseItem.swift in Sources */,
				8D5D6170275C70F200F95986 /* SwlTemplateField.swift in Sources */,
				8D5D618C276FBF4A00F95986 /* SwlCard+SQLiteQueryReadWritable.swift in Sources */,
				8D5D617C275E381000F95986 /* CardValue.swift in Sources */,
				8D5D617F2764487600F95986 /* SwlCardAttachment.swift in Sources */,
				8D5D6173275C754300F95986 /* SwlTemplateField+SQLiteDatabaseItem.swift in Sources */,
				8D5D61822764495900F95986 /* SwlCardAttachment+SQLiteDatabaseItem.swift in Sources */,
				8D5D614F2751E89C00F95986 /* SwlCard.swift in Sources */,
				8D5D61452751956700F95986 /* String+SQLiteDatabaseItem.swift in Sources */,
				8DA75A9D299F1C6200E83E9C /* MultilineTextField.swift in Sources */,
				8D50F3D7273CC0AD00A754CB /* SwlDatabase.swift in Sources */,
				8D97CE4D289A237200373192 /* SQLiteDataType.swift in Sources */,
				8D5D616D275A4E0B00F95986 /* CardValuesComposite.swift in Sources */,
				8D97CE34288791DE00373192 /* UnlockView.swift in Sources */,
				8D97CE412887BB6000373192 /* SandboxFileBrowser.swift in Sources */,
				8D6A211329A867C2003A4941 /* SwlTemplate+SQLiteDatabaseItem.swift in Sources */,
				8D5D61362748A62A00F95986 /* ItemGrid.swift in Sources */,
				8D97CE57289A27D000373192 /* SQLiteProtocols.swift in Sources */,
				8D5D6192276FC15300F95986 /* SwlCardDescription+SQLiteQuerySelectable.swift in Sources */,
				8D5D61552755140600F95986 /* SwlCardFieldValue+SQLiteDatabaseItem.swift in Sources */,
				8D5D616A2759B4E100F95986 /* CardView.swift in Sources */,
				8D5D6134274757C900F95986 /* SQLiteDatabase.swift in Sources */,
			);
			runOnlyForDeploymentPostprocessing = 0;
		};
		8D50F3B5273CBF1F00A754CB /* Sources */ = {
			isa = PBXSourcesBuildPhase;
			buildActionMask = 2147483647;
			files = (
				8D97CE39288797C400373192 /* FileStorage.swift in Sources */,
				8D97CE3C2887AD6900373192 /* String+splitOnLastOccurenceOf.swift in Sources */,
				8D5D61602759B35200F95986 /* SwlID.swift in Sources */,
				8D5D61652759B36A00F95986 /* SwlCardFieldValue+SQLiteDatabaseItem.swift in Sources */,
				8D97CE5A28B0507400373192 /* SwlCryptoTests.swift in Sources */,
				8D5D61612759B35B00F95986 /* SwlCard.swift in Sources */,
				8D5D6196276FC1B300F95986 /* SwlCardAttachment+SQLiteQuerySelectable.swift in Sources */,
				8D5D61662759B36D00F95986 /* SwlCategory+SQLiteDatabaseItem.swift in Sources */,
				8D5D619F2770B3F500F95986 /* URL+Crypto.swift in Sources */,
				8D5D61672759B37200F95986 /* Sequence+Sorted.swift in Sources */,
				8D97CE48289A22E300373192 /* String+SplitByLength.swift in Sources */,
				8D50F3E527419BF700A754CB /* MainView.swift in Sources */,
				8D5D615D2759B32100F95986 /* SwlCategory.swift in Sources */,
				8D50F3DB274196BB00A754CB /* SwlCrypto.swift in Sources */,
				8D5D6199276FC1F600F95986 /* SwlCardFieldValue+SQLiteQueryReadWritable.swift in Sources */,
				8D5D615E2759B34B00F95986 /* Array+SQLiteDatabaseItem.swift in Sources */,
				8D97CE52289A23AD00373192 /* SQLiteVarcharItem.swift in Sources */,
				8D5D6190276FC0D200F95986 /* SwlCategory+SQLiteQuerySelectable.swift in Sources */,
				8D5D6189276EDBDD00F95986 /* SwlCardDescription+SQLiteDatabaseItem.swift in Sources */,
				8D5D615C2759B2F300F95986 /* SwlItem.swift in Sources */,
				8D5D61682759B37900F95986 /* NavigationFrame.swift in Sources */,
				8D97CE35288792F400373192 /* ActivityMonitor.swift in Sources */,
				8D5D61622759B35F00F95986 /* SwlCardFieldValue.swift in Sources */,
				8D97CE3F2887B97B00373192 /* WalletFile.swift in Sources */,
				8D5D6186276EDB5E00F95986 /* SwlCardDescription.swift in Sources */,
				8D5D619C276FC27100F95986 /* SwlTemplateField+SQLiteQueryReadWritable.swift in Sources */,
				8D97CE55289A23CA00373192 /* SQLiteDataItem.swift in Sources */,
				8D50F3E427419BF000A754CB /* PasswordPrompt.swift in Sources */,
				8D50F3DE2741974B00A754CB /* CryptoProvider.swift in Sources */,
				8D5D6177275C76F100F95986 /* Int32+SQLiteDatabaseItem.swift in Sources */,
				8D5D6171275C70F200F95986 /* SwlTemplateField.swift in Sources */,
				8D5D618D276FBF4A00F95986 /* SwlCard+SQLiteQueryReadWritable.swift in Sources */,
				8D5D617D275E381000F95986 /* CardValue.swift in Sources */,
				8D5D61802764487600F95986 /* SwlCardAttachment.swift in Sources */,
				8D5D6174275C754300F95986 /* SwlTemplateField+SQLiteDatabaseItem.swift in Sources */,
				8D5D61832764495900F95986 /* SwlCardAttachment+SQLiteDatabaseItem.swift in Sources */,
				8D5D61372748AAD300F95986 /* SQLiteDatabase.swift in Sources */,
				8D5D61392749AF4400F95986 /* ItemGrid.swift in Sources */,
				8D5D61632759B36400F95986 /* SwlID+SQLiteDatabaseItem.swift in Sources */,
				8D97CE4E289A237200373192 /* SQLiteDataType.swift in Sources */,
				8D5D616E275A4F0100F95986 /* CardValuesComposite.swift in Sources */,
				8D97CE362887930B00373192 /* UnlockView.swift in Sources */,
				8D97CE422887BB6000373192 /* SandboxFileBrowser.swift in Sources */,
				8D5D615F2759B34E00F95986 /* String+SQLiteDatabaseItem.swift in Sources */,
				8D97CE58289A27D000373192 /* SQLiteProtocols.swift in Sources */,
				8D5D6193276FC15300F95986 /* SwlCardDescription+SQLiteQuerySelectable.swift in Sources */,
				8D5D61382749AF3900F95986 /* SwlDatabase.swift in Sources */,
				8D5D616B2759B54700F95986 /* CardView.swift in Sources */,
				8D5D61642759B36700F95986 /* SwlCard+SQLiteDatabaseItem.swift in Sources */,
			);
			runOnlyForDeploymentPostprocessing = 0;
		};
		8D50F3BF273CBF1F00A754CB /* Sources */ = {
			isa = PBXSourcesBuildPhase;
			buildActionMask = 2147483647;
			files = (
				8D50F3CA273CBF2000A754CB /* WalletBaseUITestsLaunchTests.swift in Sources */,
				8D50F3C8273CBF1F00A754CB /* WalletBaseUITests.swift in Sources */,
			);
			runOnlyForDeploymentPostprocessing = 0;
		};
/* End PBXSourcesBuildPhase section */

/* Begin PBXTargetDependency section */
		8D50F3BB273CBF1F00A754CB /* PBXTargetDependency */ = {
			isa = PBXTargetDependency;
			target = 8D50F3A7273CBF1D00A754CB /* WalletBase */;
			targetProxy = 8D50F3BA273CBF1F00A754CB /* PBXContainerItemProxy */;
		};
		8D50F3C5273CBF1F00A754CB /* PBXTargetDependency */ = {
			isa = PBXTargetDependency;
			target = 8D50F3A7273CBF1D00A754CB /* WalletBase */;
			targetProxy = 8D50F3C4273CBF1F00A754CB /* PBXContainerItemProxy */;
		};
/* End PBXTargetDependency section */

/* Begin XCBuildConfiguration section */
		8D50F3CB273CBF2000A754CB /* Debug */ = {
			isa = XCBuildConfiguration;
			buildSettings = {
				ALWAYS_SEARCH_USER_PATHS = NO;
				CLANG_ANALYZER_NONNULL = YES;
				CLANG_ANALYZER_NUMBER_OBJECT_CONVERSION = YES_AGGRESSIVE;
				CLANG_CXX_LANGUAGE_STANDARD = "gnu++17";
				CLANG_CXX_LIBRARY = "libc++";
				CLANG_ENABLE_MODULES = YES;
				CLANG_ENABLE_OBJC_ARC = YES;
				CLANG_ENABLE_OBJC_WEAK = YES;
				CLANG_WARN_BLOCK_CAPTURE_AUTORELEASING = YES;
				CLANG_WARN_BOOL_CONVERSION = YES;
				CLANG_WARN_COMMA = YES;
				CLANG_WARN_CONSTANT_CONVERSION = YES;
				CLANG_WARN_DEPRECATED_OBJC_IMPLEMENTATIONS = YES;
				CLANG_WARN_DIRECT_OBJC_ISA_USAGE = YES_ERROR;
				CLANG_WARN_DOCUMENTATION_COMMENTS = YES;
				CLANG_WARN_EMPTY_BODY = YES;
				CLANG_WARN_ENUM_CONVERSION = YES;
				CLANG_WARN_INFINITE_RECURSION = YES;
				CLANG_WARN_INT_CONVERSION = YES;
				CLANG_WARN_NON_LITERAL_NULL_CONVERSION = YES;
				CLANG_WARN_OBJC_IMPLICIT_RETAIN_SELF = YES;
				CLANG_WARN_OBJC_LITERAL_CONVERSION = YES;
				CLANG_WARN_OBJC_ROOT_CLASS = YES_ERROR;
				CLANG_WARN_QUOTED_INCLUDE_IN_FRAMEWORK_HEADER = YES;
				CLANG_WARN_RANGE_LOOP_ANALYSIS = YES;
				CLANG_WARN_STRICT_PROTOTYPES = YES;
				CLANG_WARN_SUSPICIOUS_MOVE = YES;
				CLANG_WARN_UNGUARDED_AVAILABILITY = YES_AGGRESSIVE;
				CLANG_WARN_UNREACHABLE_CODE = YES;
				CLANG_WARN__DUPLICATE_METHOD_MATCH = YES;
				COPY_PHASE_STRIP = NO;
				DEBUG_INFORMATION_FORMAT = dwarf;
				ENABLE_STRICT_OBJC_MSGSEND = YES;
				ENABLE_TESTABILITY = YES;
				GCC_C_LANGUAGE_STANDARD = gnu11;
				GCC_DYNAMIC_NO_PIC = NO;
				GCC_NO_COMMON_BLOCKS = YES;
				GCC_OPTIMIZATION_LEVEL = 0;
				GCC_PREPROCESSOR_DEFINITIONS = (
					"DEBUG=1",
					"$(inherited)",
				);
				GCC_WARN_64_TO_32_BIT_CONVERSION = YES;
				GCC_WARN_ABOUT_RETURN_TYPE = YES_ERROR;
				GCC_WARN_UNDECLARED_SELECTOR = YES;
				GCC_WARN_UNINITIALIZED_AUTOS = YES_AGGRESSIVE;
				GCC_WARN_UNUSED_FUNCTION = YES;
				GCC_WARN_UNUSED_VARIABLE = YES;
				MACOSX_DEPLOYMENT_TARGET = 10.15;
				MTL_ENABLE_DEBUG_INFO = INCLUDE_SOURCE;
				MTL_FAST_MATH = YES;
				ONLY_ACTIVE_ARCH = YES;
				SDKROOT = macosx;
				SWIFT_ACTIVE_COMPILATION_CONDITIONS = DEBUG;
				SWIFT_OPTIMIZATION_LEVEL = "-Onone";
				SWIFT_VERSION = 5.3;
			};
			name = Debug;
		};
		8D50F3CC273CBF2000A754CB /* Release */ = {
			isa = XCBuildConfiguration;
			buildSettings = {
				ALWAYS_SEARCH_USER_PATHS = NO;
				CLANG_ANALYZER_NONNULL = YES;
				CLANG_ANALYZER_NUMBER_OBJECT_CONVERSION = YES_AGGRESSIVE;
				CLANG_CXX_LANGUAGE_STANDARD = "gnu++17";
				CLANG_CXX_LIBRARY = "libc++";
				CLANG_ENABLE_MODULES = YES;
				CLANG_ENABLE_OBJC_ARC = YES;
				CLANG_ENABLE_OBJC_WEAK = YES;
				CLANG_WARN_BLOCK_CAPTURE_AUTORELEASING = YES;
				CLANG_WARN_BOOL_CONVERSION = YES;
				CLANG_WARN_COMMA = YES;
				CLANG_WARN_CONSTANT_CONVERSION = YES;
				CLANG_WARN_DEPRECATED_OBJC_IMPLEMENTATIONS = YES;
				CLANG_WARN_DIRECT_OBJC_ISA_USAGE = YES_ERROR;
				CLANG_WARN_DOCUMENTATION_COMMENTS = YES;
				CLANG_WARN_EMPTY_BODY = YES;
				CLANG_WARN_ENUM_CONVERSION = YES;
				CLANG_WARN_INFINITE_RECURSION = YES;
				CLANG_WARN_INT_CONVERSION = YES;
				CLANG_WARN_NON_LITERAL_NULL_CONVERSION = YES;
				CLANG_WARN_OBJC_IMPLICIT_RETAIN_SELF = YES;
				CLANG_WARN_OBJC_LITERAL_CONVERSION = YES;
				CLANG_WARN_OBJC_ROOT_CLASS = YES_ERROR;
				CLANG_WARN_QUOTED_INCLUDE_IN_FRAMEWORK_HEADER = YES;
				CLANG_WARN_RANGE_LOOP_ANALYSIS = YES;
				CLANG_WARN_STRICT_PROTOTYPES = YES;
				CLANG_WARN_SUSPICIOUS_MOVE = YES;
				CLANG_WARN_UNGUARDED_AVAILABILITY = YES_AGGRESSIVE;
				CLANG_WARN_UNREACHABLE_CODE = YES;
				CLANG_WARN__DUPLICATE_METHOD_MATCH = YES;
				COPY_PHASE_STRIP = NO;
				DEBUG_INFORMATION_FORMAT = "dwarf-with-dsym";
				ENABLE_NS_ASSERTIONS = NO;
				ENABLE_STRICT_OBJC_MSGSEND = YES;
				GCC_C_LANGUAGE_STANDARD = gnu11;
				GCC_NO_COMMON_BLOCKS = YES;
				GCC_WARN_64_TO_32_BIT_CONVERSION = YES;
				GCC_WARN_ABOUT_RETURN_TYPE = YES_ERROR;
				GCC_WARN_UNDECLARED_SELECTOR = YES;
				GCC_WARN_UNINITIALIZED_AUTOS = YES_AGGRESSIVE;
				GCC_WARN_UNUSED_FUNCTION = YES;
				GCC_WARN_UNUSED_VARIABLE = YES;
				MACOSX_DEPLOYMENT_TARGET = 10.15;
				MTL_ENABLE_DEBUG_INFO = NO;
				MTL_FAST_MATH = YES;
				SDKROOT = macosx;
				SWIFT_COMPILATION_MODE = wholemodule;
				SWIFT_OPTIMIZATION_LEVEL = "-O";
				SWIFT_VERSION = 5.3;
			};
			name = Release;
		};
		8D50F3CE273CBF2000A754CB /* Debug */ = {
			isa = XCBuildConfiguration;
			buildSettings = {
				ASSETCATALOG_COMPILER_APPICON_NAME = AppIcon;
				ASSETCATALOG_COMPILER_GLOBAL_ACCENT_COLOR_NAME = AccentColor;
				CODE_SIGN_ENTITLEMENTS = WalletBase/WalletBase.entitlements;
				CODE_SIGN_STYLE = Automatic;
				COMBINE_HIDPI_IMAGES = YES;
				CURRENT_PROJECT_VERSION = 1;
				DEVELOPMENT_ASSET_PATHS = "\"WalletBase/Preview Content\"";
				DEVELOPMENT_TEAM = 66X95R6W2D;
				ENABLE_HARDENED_RUNTIME = YES;
				ENABLE_PREVIEWS = YES;
				GENERATE_INFOPLIST_FILE = YES;
				INFOPLIST_KEY_NSHumanReadableCopyright = "";
				LD_RUNPATH_SEARCH_PATHS = (
					"$(inherited)",
					"@executable_path/../Frameworks",
				);
				MACOSX_DEPLOYMENT_TARGET = 10.15;
				MARKETING_VERSION = 1.2;
				PRODUCT_BUNDLE_IDENTIFIER = com.jerdeapps.WalletBase;
				PRODUCT_NAME = "$(TARGET_NAME)";
				SWIFT_EMIT_LOC_STRINGS = YES;
				SWIFT_VERSION = 5.3;
			};
			name = Debug;
		};
		8D50F3CF273CBF2000A754CB /* Release */ = {
			isa = XCBuildConfiguration;
			buildSettings = {
				ASSETCATALOG_COMPILER_APPICON_NAME = AppIcon;
				ASSETCATALOG_COMPILER_GLOBAL_ACCENT_COLOR_NAME = AccentColor;
				CODE_SIGN_ENTITLEMENTS = WalletBase/WalletBase.entitlements;
				CODE_SIGN_STYLE = Automatic;
				COMBINE_HIDPI_IMAGES = YES;
				CURRENT_PROJECT_VERSION = 1;
				DEVELOPMENT_ASSET_PATHS = "\"WalletBase/Preview Content\"";
				DEVELOPMENT_TEAM = 66X95R6W2D;
				ENABLE_HARDENED_RUNTIME = YES;
				ENABLE_PREVIEWS = YES;
				GENERATE_INFOPLIST_FILE = YES;
				INFOPLIST_KEY_NSHumanReadableCopyright = "";
				LD_RUNPATH_SEARCH_PATHS = (
					"$(inherited)",
					"@executable_path/../Frameworks",
				);
				MACOSX_DEPLOYMENT_TARGET = 10.15;
				MARKETING_VERSION = 1.2;
				PRODUCT_BUNDLE_IDENTIFIER = com.jerdeapps.WalletBase;
				PRODUCT_NAME = "$(TARGET_NAME)";
				SWIFT_EMIT_LOC_STRINGS = YES;
				SWIFT_VERSION = 5.3;
			};
			name = Release;
		};
		8D50F3D1273CBF2000A754CB /* Debug */ = {
			isa = XCBuildConfiguration;
			buildSettings = {
				ALWAYS_EMBED_SWIFT_STANDARD_LIBRARIES = YES;
				BUNDLE_LOADER = "$(TEST_HOST)";
				CODE_SIGN_STYLE = Automatic;
				COMBINE_HIDPI_IMAGES = YES;
				CURRENT_PROJECT_VERSION = 1;
				DEVELOPMENT_TEAM = 66X95R6W2D;
				GENERATE_INFOPLIST_FILE = YES;
				LD_RUNPATH_SEARCH_PATHS = (
					"$(inherited)",
					"@executable_path/../Frameworks",
					"@loader_path/../Frameworks",
				);
				MACOSX_DEPLOYMENT_TARGET = 11.0;
				MARKETING_VERSION = 1.0;
				PRODUCT_BUNDLE_IDENTIFIER = com.jerdeapps.WalletBaseTests;
				PRODUCT_NAME = "$(TARGET_NAME)";
				SWIFT_EMIT_LOC_STRINGS = NO;
				SWIFT_VERSION = 5.3;
				TEST_HOST = "$(BUILT_PRODUCTS_DIR)/WalletBase.app/Contents/MacOS/WalletBase";
			};
			name = Debug;
		};
		8D50F3D2273CBF2000A754CB /* Release */ = {
			isa = XCBuildConfiguration;
			buildSettings = {
				ALWAYS_EMBED_SWIFT_STANDARD_LIBRARIES = YES;
				BUNDLE_LOADER = "$(TEST_HOST)";
				CODE_SIGN_STYLE = Automatic;
				COMBINE_HIDPI_IMAGES = YES;
				CURRENT_PROJECT_VERSION = 1;
				DEVELOPMENT_TEAM = 66X95R6W2D;
				GENERATE_INFOPLIST_FILE = YES;
				LD_RUNPATH_SEARCH_PATHS = (
					"$(inherited)",
					"@executable_path/../Frameworks",
					"@loader_path/../Frameworks",
				);
				MACOSX_DEPLOYMENT_TARGET = 11.0;
				MARKETING_VERSION = 1.0;
				PRODUCT_BUNDLE_IDENTIFIER = com.jerdeapps.WalletBaseTests;
				PRODUCT_NAME = "$(TARGET_NAME)";
				SWIFT_EMIT_LOC_STRINGS = NO;
				SWIFT_VERSION = 5.3;
				TEST_HOST = "$(BUILT_PRODUCTS_DIR)/WalletBase.app/Contents/MacOS/WalletBase";
			};
			name = Release;
		};
		8D50F3D4273CBF2000A754CB /* Debug */ = {
			isa = XCBuildConfiguration;
			buildSettings = {
				ALWAYS_EMBED_SWIFT_STANDARD_LIBRARIES = YES;
				CODE_SIGN_STYLE = Automatic;
				COMBINE_HIDPI_IMAGES = YES;
				CURRENT_PROJECT_VERSION = 1;
				DEVELOPMENT_TEAM = 66X95R6W2D;
				GENERATE_INFOPLIST_FILE = YES;
				LD_RUNPATH_SEARCH_PATHS = (
					"$(inherited)",
					"@executable_path/../Frameworks",
					"@loader_path/../Frameworks",
				);
				MARKETING_VERSION = 1.0;
				PRODUCT_BUNDLE_IDENTIFIER = com.jerdeapps.WalletBaseUITests;
				PRODUCT_NAME = "$(TARGET_NAME)";
				SWIFT_EMIT_LOC_STRINGS = NO;
				SWIFT_VERSION = 5.3;
				TEST_TARGET_NAME = WalletBase;
			};
			name = Debug;
		};
		8D50F3D5273CBF2000A754CB /* Release */ = {
			isa = XCBuildConfiguration;
			buildSettings = {
				ALWAYS_EMBED_SWIFT_STANDARD_LIBRARIES = YES;
				CODE_SIGN_STYLE = Automatic;
				COMBINE_HIDPI_IMAGES = YES;
				CURRENT_PROJECT_VERSION = 1;
				DEVELOPMENT_TEAM = 66X95R6W2D;
				GENERATE_INFOPLIST_FILE = YES;
				LD_RUNPATH_SEARCH_PATHS = (
					"$(inherited)",
					"@executable_path/../Frameworks",
					"@loader_path/../Frameworks",
				);
				MARKETING_VERSION = 1.0;
				PRODUCT_BUNDLE_IDENTIFIER = com.jerdeapps.WalletBaseUITests;
				PRODUCT_NAME = "$(TARGET_NAME)";
				SWIFT_EMIT_LOC_STRINGS = NO;
				SWIFT_VERSION = 5.3;
				TEST_TARGET_NAME = WalletBase;
			};
			name = Release;
		};
/* End XCBuildConfiguration section */

/* Begin XCConfigurationList section */
		8D50F3A3273CBF1D00A754CB /* Build configuration list for PBXProject "WalletBase" */ = {
			isa = XCConfigurationList;
			buildConfigurations = (
				8D50F3CB273CBF2000A754CB /* Debug */,
				8D50F3CC273CBF2000A754CB /* Release */,
			);
			defaultConfigurationIsVisible = 0;
			defaultConfigurationName = Release;
		};
		8D50F3CD273CBF2000A754CB /* Build configuration list for PBXNativeTarget "WalletBase" */ = {
			isa = XCConfigurationList;
			buildConfigurations = (
				8D50F3CE273CBF2000A754CB /* Debug */,
				8D50F3CF273CBF2000A754CB /* Release */,
			);
			defaultConfigurationIsVisible = 0;
			defaultConfigurationName = Release;
		};
		8D50F3D0273CBF2000A754CB /* Build configuration list for PBXNativeTarget "WalletBaseTests" */ = {
			isa = XCConfigurationList;
			buildConfigurations = (
				8D50F3D1273CBF2000A754CB /* Debug */,
				8D50F3D2273CBF2000A754CB /* Release */,
			);
			defaultConfigurationIsVisible = 0;
			defaultConfigurationName = Release;
		};
		8D50F3D3273CBF2000A754CB /* Build configuration list for PBXNativeTarget "WalletBaseUITests" */ = {
			isa = XCConfigurationList;
			buildConfigurations = (
				8D50F3D4273CBF2000A754CB /* Debug */,
				8D50F3D5273CBF2000A754CB /* Release */,
			);
			defaultConfigurationIsVisible = 0;
			defaultConfigurationName = Release;
		};
/* End XCConfigurationList section */
	};
	rootObject = 8D50F3A0273CBF1D00A754CB /* Project object */;
}
